// !$*UTF8*$!
{
	archiveVersion = 1;
	classes = {
	};
	objectVersion = 46;
	objects = {

/* Begin PBXBuildFile section */
		FD6C78F11DE53E8D00563D28 /* main.m in Sources */ = {isa = PBXBuildFile; fileRef = FD6C78F01DE53E8D00563D28 /* main.m */; };
		FD6C78F41DE53E8D00563D28 /* AppDelegate.m in Sources */ = {isa = PBXBuildFile; fileRef = FD6C78F31DE53E8D00563D28 /* AppDelegate.m */; };
		FD6C78F71DE53E8D00563D28 /* ViewController.m in Sources */ = {isa = PBXBuildFile; fileRef = FD6C78F61DE53E8D00563D28 /* ViewController.m */; };
		FD6C78FA1DE53E8D00563D28 /* Main.storyboard in Resources */ = {isa = PBXBuildFile; fileRef = FD6C78F81DE53E8D00563D28 /* Main.storyboard */; };
		FD6C78FC1DE53E8D00563D28 /* Assets.xcassets in Resources */ = {isa = PBXBuildFile; fileRef = FD6C78FB1DE53E8D00563D28 /* Assets.xcassets */; };
		FD6C78FF1DE53E8D00563D28 /* LaunchScreen.storyboard in Resources */ = {isa = PBXBuildFile; fileRef = FD6C78FD1DE53E8D00563D28 /* LaunchScreen.storyboard */; };
		FD6C790D1DE53F2800563D28 /* Messages.framework in Frameworks */ = {isa = PBXBuildFile; fileRef = FD6C790C1DE53F2800563D28 /* Messages.framework */; };
		FD6C79111DE53F2800563D28 /* MessagesViewController.m in Sources */ = {isa = PBXBuildFile; fileRef = FD6C79101DE53F2800563D28 /* MessagesViewController.m */; };
		FD6C79141DE53F2800563D28 /* MainInterface.storyboard in Resources */ = {isa = PBXBuildFile; fileRef = FD6C79121DE53F2800563D28 /* MainInterface.storyboard */; };
		FD6C79161DE53F2800563D28 /* Assets.xcassets in Resources */ = {isa = PBXBuildFile; fileRef = FD6C79151DE53F2800563D28 /* Assets.xcassets */; };
		FD6C791A1DE53F2800563D28 /* MessageExtension.appex in Embed App Extensions */ = {isa = PBXBuildFile; fileRef = FD6C790A1DE53F2800563D28 /* MessageExtension.appex */; settings = {ATTRIBUTES = (RemoveHeadersOnCopy, ); }; };
		FD6C79201DE585D200563D28 /* 013.png in Resources */ = {isa = PBXBuildFile; fileRef = FD6C791F1DE585D200563D28 /* 013.png */; };
		FDB4F57B1DE7DA5F00E96691 /* ic_common_wanglibank.png in Resources */ = {isa = PBXBuildFile; fileRef = FDB4F57A1DE7DA5F00E96691 /* ic_common_wanglibank.png */; };
		FDDA73BB1DE6CE3D00C989E8 /* MessageChildVC.m in Sources */ = {isa = PBXBuildFile; fileRef = FDDA73B91DE6CE3D00C989E8 /* MessageChildVC.m */; };
		FDDA73BC1DE6CE3D00C989E8 /* MessageChildVC.xib in Resources */ = {isa = PBXBuildFile; fileRef = FDDA73BA1DE6CE3D00C989E8 /* MessageChildVC.xib */; };
		FDDA73BE1DE6FD2D00C989E8 /* text.txt in Resources */ = {isa = PBXBuildFile; fileRef = FDDA73BD1DE6FD2D00C989E8 /* text.txt */; };
/* End PBXBuildFile section */

/* Begin PBXContainerItemProxy section */
		FD6C79181DE53F2800563D28 /* PBXContainerItemProxy */ = {
			isa = PBXContainerItemProxy;
			containerPortal = FD6C78E41DE53E8D00563D28 /* Project object */;
			proxyType = 1;
			remoteGlobalIDString = FD6C79091DE53F2800563D28;
			remoteInfo = MessageExtension;
		};
/* End PBXContainerItemProxy section */

/* Begin PBXCopyFilesBuildPhase section */
		FD6C791E1DE53F2800563D28 /* Embed App Extensions */ = {
			isa = PBXCopyFilesBuildPhase;
			buildActionMask = 2147483647;
			dstPath = "";
			dstSubfolderSpec = 13;
			files = (
				FD6C791A1DE53F2800563D28 /* MessageExtension.appex in Embed App Extensions */,
			);
			name = "Embed App Extensions";
			runOnlyForDeploymentPostprocessing = 0;
		};
/* End PBXCopyFilesBuildPhase section */

/* Begin PBXFileReference section */
		FD6C78EC1DE53E8D00563D28 /* HostIMessageExtensionApp.app */ = {isa = PBXFileReference; explicitFileType = wrapper.application; includeInIndex = 0; path = HostIMessageExtensionApp.app; sourceTree = BUILT_PRODUCTS_DIR; };
		FD6C78F01DE53E8D00563D28 /* main.m */ = {isa = PBXFileReference; lastKnownFileType = sourcecode.c.objc; path = main.m; sourceTree = "<group>"; };
		FD6C78F21DE53E8D00563D28 /* AppDelegate.h */ = {isa = PBXFileReference; lastKnownFileType = sourcecode.c.h; path = AppDelegate.h; sourceTree = "<group>"; };
		FD6C78F31DE53E8D00563D28 /* AppDelegate.m */ = {isa = PBXFileReference; lastKnownFileType = sourcecode.c.objc; path = AppDelegate.m; sourceTree = "<group>"; };
		FD6C78F51DE53E8D00563D28 /* ViewController.h */ = {isa = PBXFileReference; lastKnownFileType = sourcecode.c.h; path = ViewController.h; sourceTree = "<group>"; };
		FD6C78F61DE53E8D00563D28 /* ViewController.m */ = {isa = PBXFileReference; lastKnownFileType = sourcecode.c.objc; path = ViewController.m; sourceTree = "<group>"; };
		FD6C78F91DE53E8D00563D28 /* Base */ = {isa = PBXFileReference; lastKnownFileType = file.storyboard; name = Base; path = Base.lproj/Main.storyboard; sourceTree = "<group>"; };
		FD6C78FB1DE53E8D00563D28 /* Assets.xcassets */ = {isa = PBXFileReference; lastKnownFileType = folder.assetcatalog; path = Assets.xcassets; sourceTree = "<group>"; };
		FD6C78FE1DE53E8D00563D28 /* Base */ = {isa = PBXFileReference; lastKnownFileType = file.storyboard; name = Base; path = Base.lproj/LaunchScreen.storyboard; sourceTree = "<group>"; };
		FD6C79001DE53E8D00563D28 /* Info.plist */ = {isa = PBXFileReference; lastKnownFileType = text.plist.xml; path = Info.plist; sourceTree = "<group>"; };
		FD6C790A1DE53F2800563D28 /* MessageExtension.appex */ = {isa = PBXFileReference; explicitFileType = "wrapper.app-extension"; includeInIndex = 0; path = MessageExtension.appex; sourceTree = BUILT_PRODUCTS_DIR; };
		FD6C790C1DE53F2800563D28 /* Messages.framework */ = {isa = PBXFileReference; lastKnownFileType = wrapper.framework; name = Messages.framework; path = System/Library/Frameworks/Messages.framework; sourceTree = SDKROOT; };
		FD6C790F1DE53F2800563D28 /* MessagesViewController.h */ = {isa = PBXFileReference; lastKnownFileType = sourcecode.c.h; path = MessagesViewController.h; sourceTree = "<group>"; };
		FD6C79101DE53F2800563D28 /* MessagesViewController.m */ = {isa = PBXFileReference; lastKnownFileType = sourcecode.c.objc; path = MessagesViewController.m; sourceTree = "<group>"; };
		FD6C79131DE53F2800563D28 /* Base */ = {isa = PBXFileReference; lastKnownFileType = file.storyboard; name = Base; path = Base.lproj/MainInterface.storyboard; sourceTree = "<group>"; };
		FD6C79151DE53F2800563D28 /* Assets.xcassets */ = {isa = PBXFileReference; lastKnownFileType = folder.assetcatalog; path = Assets.xcassets; sourceTree = "<group>"; };
		FD6C79171DE53F2800563D28 /* Info.plist */ = {isa = PBXFileReference; lastKnownFileType = text.plist.xml; path = Info.plist; sourceTree = "<group>"; };
		FD6C791F1DE585D200563D28 /* 013.png */ = {isa = PBXFileReference; lastKnownFileType = image.png; path = 013.png; sourceTree = "<group>"; };
		FDB4F57A1DE7DA5F00E96691 /* ic_common_wanglibank.png */ = {isa = PBXFileReference; lastKnownFileType = image.png; path = ic_common_wanglibank.png; sourceTree = "<group>"; };
		FDDA73B81DE6CE3D00C989E8 /* MessageChildVC.h */ = {isa = PBXFileReference; fileEncoding = 4; lastKnownFileType = sourcecode.c.h; path = MessageChildVC.h; sourceTree = "<group>"; };
		FDDA73B91DE6CE3D00C989E8 /* MessageChildVC.m */ = {isa = PBXFileReference; fileEncoding = 4; lastKnownFileType = sourcecode.c.objc; path = MessageChildVC.m; sourceTree = "<group>"; };
		FDDA73BA1DE6CE3D00C989E8 /* MessageChildVC.xib */ = {isa = PBXFileReference; fileEncoding = 4; lastKnownFileType = file.xib; path = MessageChildVC.xib; sourceTree = "<group>"; };
		FDDA73BD1DE6FD2D00C989E8 /* text.txt */ = {isa = PBXFileReference; fileEncoding = 4; lastKnownFileType = text; path = text.txt; sourceTree = "<group>"; };
/* End PBXFileReference section */

/* Begin PBXFrameworksBuildPhase section */
		FD6C78E91DE53E8D00563D28 /* Frameworks */ = {
			isa = PBXFrameworksBuildPhase;
			buildActionMask = 2147483647;
			files = (
			);
			runOnlyForDeploymentPostprocessing = 0;
		};
		FD6C79071DE53F2800563D28 /* Frameworks */ = {
			isa = PBXFrameworksBuildPhase;
			buildActionMask = 2147483647;
			files = (
				FD6C790D1DE53F2800563D28 /* Messages.framework in Frameworks */,
			);
			runOnlyForDeploymentPostprocessing = 0;
		};
/* End PBXFrameworksBuildPhase section */

/* Begin PBXGroup section */
		FD6C78E31DE53E8D00563D28 = {
			isa = PBXGroup;
			children = (
				FD6C78EE1DE53E8D00563D28 /* HostIMessageExtensionApp */,
				FD6C790E1DE53F2800563D28 /* MessageExtension */,
				FD6C790B1DE53F2800563D28 /* Frameworks */,
				FD6C78ED1DE53E8D00563D28 /* Products */,
			);
			sourceTree = "<group>";
		};
		FD6C78ED1DE53E8D00563D28 /* Products */ = {
			isa = PBXGroup;
			children = (
				FD6C78EC1DE53E8D00563D28 /* HostIMessageExtensionApp.app */,
				FD6C790A1DE53F2800563D28 /* MessageExtension.appex */,
			);
			name = Products;
			sourceTree = "<group>";
		};
		FD6C78EE1DE53E8D00563D28 /* HostIMessageExtensionApp */ = {
			isa = PBXGroup;
			children = (
				FD6C78F21DE53E8D00563D28 /* AppDelegate.h */,
				FD6C78F31DE53E8D00563D28 /* AppDelegate.m */,
				FD6C78F51DE53E8D00563D28 /* ViewController.h */,
				FD6C78F61DE53E8D00563D28 /* ViewController.m */,
				FD6C78F81DE53E8D00563D28 /* Main.storyboard */,
				FD6C78FB1DE53E8D00563D28 /* Assets.xcassets */,
				FD6C78FD1DE53E8D00563D28 /* LaunchScreen.storyboard */,
				FD6C79001DE53E8D00563D28 /* Info.plist */,
				FD6C78EF1DE53E8D00563D28 /* Supporting Files */,
			);
			path = HostIMessageExtensionApp;
			sourceTree = "<group>";
		};
		FD6C78EF1DE53E8D00563D28 /* Supporting Files */ = {
			isa = PBXGroup;
			children = (
				FD6C78F01DE53E8D00563D28 /* main.m */,
			);
			name = "Supporting Files";
			sourceTree = "<group>";
		};
		FD6C790B1DE53F2800563D28 /* Frameworks */ = {
			isa = PBXGroup;
			children = (
				FD6C790C1DE53F2800563D28 /* Messages.framework */,
			);
			name = Frameworks;
			sourceTree = "<group>";
		};
		FD6C790E1DE53F2800563D28 /* MessageExtension */ = {
			isa = PBXGroup;
			children = (
				FD6C791F1DE585D200563D28 /* 013.png */,
				FDDA73BD1DE6FD2D00C989E8 /* text.txt */,
				FDB4F57A1DE7DA5F00E96691 /* ic_common_wanglibank.png */,
				FD6C790F1DE53F2800563D28 /* MessagesViewController.h */,
				FD6C79101DE53F2800563D28 /* MessagesViewController.m */,
				FD6C79121DE53F2800563D28 /* MainInterface.storyboard */,
				FDDA73B81DE6CE3D00C989E8 /* MessageChildVC.h */,
				FDDA73B91DE6CE3D00C989E8 /* MessageChildVC.m */,
				FDDA73BA1DE6CE3D00C989E8 /* MessageChildVC.xib */,
				FD6C79151DE53F2800563D28 /* Assets.xcassets */,
				FD6C79171DE53F2800563D28 /* Info.plist */,
			);
			path = MessageExtension;
			sourceTree = "<group>";
		};
/* End PBXGroup section */

/* Begin PBXNativeTarget section */
		FD6C78EB1DE53E8D00563D28 /* HostIMessageExtensionApp */ = {
			isa = PBXNativeTarget;
			buildConfigurationList = FD6C79031DE53E8D00563D28 /* Build configuration list for PBXNativeTarget "HostIMessageExtensionApp" */;
			buildPhases = (
				FD6C78E81DE53E8D00563D28 /* Sources */,
				FD6C78E91DE53E8D00563D28 /* Frameworks */,
				FD6C78EA1DE53E8D00563D28 /* Resources */,
				FD6C791E1DE53F2800563D28 /* Embed App Extensions */,
			);
			buildRules = (
			);
			dependencies = (
				FD6C79191DE53F2800563D28 /* PBXTargetDependency */,
			);
			name = HostIMessageExtensionApp;
			productName = HostIMessageExtensionApp;
			productReference = FD6C78EC1DE53E8D00563D28 /* HostIMessageExtensionApp.app */;
			productType = "com.apple.product-type.application";
		};
		FD6C79091DE53F2800563D28 /* MessageExtension */ = {
			isa = PBXNativeTarget;
			buildConfigurationList = FD6C791B1DE53F2800563D28 /* Build configuration list for PBXNativeTarget "MessageExtension" */;
			buildPhases = (
				FD6C79061DE53F2800563D28 /* Sources */,
				FD6C79071DE53F2800563D28 /* Frameworks */,
				FD6C79081DE53F2800563D28 /* Resources */,
			);
			buildRules = (
			);
			dependencies = (
			);
			name = MessageExtension;
			productName = MessageExtension;
			productReference = FD6C790A1DE53F2800563D28 /* MessageExtension.appex */;
			productType = "com.apple.product-type.app-extension.messages";
		};
/* End PBXNativeTarget section */

/* Begin PBXProject section */
		FD6C78E41DE53E8D00563D28 /* Project object */ = {
			isa = PBXProject;
			attributes = {
				LastUpgradeCheck = 0800;
				ORGANIZATIONNAME = wanglibank.com;
				TargetAttributes = {
					FD6C78EB1DE53E8D00563D28 = {
						CreatedOnToolsVersion = 8.0;
						DevelopmentTeam = SX8PGCDPTD;
						ProvisioningStyle = Automatic;
					};
					FD6C79091DE53F2800563D28 = {
						CreatedOnToolsVersion = 8.0;
						DevelopmentTeam = SX8PGCDPTD;
						ProvisioningStyle = Automatic;
					};
				};
			};
			buildConfigurationList = FD6C78E71DE53E8D00563D28 /* Build configuration list for PBXProject "HostIMessageExtensionApp" */;
			compatibilityVersion = "Xcode 3.2";
			developmentRegion = English;
			hasScannedForEncodings = 0;
			knownRegions = (
				en,
				Base,
			);
			mainGroup = FD6C78E31DE53E8D00563D28;
			productRefGroup = FD6C78ED1DE53E8D00563D28 /* Products */;
			projectDirPath = "";
			projectRoot = "";
			targets = (
				FD6C78EB1DE53E8D00563D28 /* HostIMessageExtensionApp */,
				FD6C79091DE53F2800563D28 /* MessageExtension */,
			);
		};
/* End PBXProject section */

/* Begin PBXResourcesBuildPhase section */
		FD6C78EA1DE53E8D00563D28 /* Resources */ = {
			isa = PBXResourcesBuildPhase;
			buildActionMask = 2147483647;
			files = (
				FD6C78FF1DE53E8D00563D28 /* LaunchScreen.storyboard in Resources */,
				FD6C78FC1DE53E8D00563D28 /* Assets.xcassets in Resources */,
				FD6C78FA1DE53E8D00563D28 /* Main.storyboard in Resources */,
			);
			runOnlyForDeploymentPostprocessing = 0;
		};
		FD6C79081DE53F2800563D28 /* Resources */ = {
			isa = PBXResourcesBuildPhase;
			buildActionMask = 2147483647;
			files = (
				FDB4F57B1DE7DA5F00E96691 /* ic_common_wanglibank.png in Resources */,
				FD6C79201DE585D200563D28 /* 013.png in Resources */,
				FDDA73BE1DE6FD2D00C989E8 /* text.txt in Resources */,
				FDDA73BC1DE6CE3D00C989E8 /* MessageChildVC.xib in Resources */,
				FD6C79161DE53F2800563D28 /* Assets.xcassets in Resources */,
				FD6C79141DE53F2800563D28 /* MainInterface.storyboard in Resources */,
			);
			runOnlyForDeploymentPostprocessing = 0;
		};
/* End PBXResourcesBuildPhase section */

/* Begin PBXSourcesBuildPhase section */
		FD6C78E81DE53E8D00563D28 /* Sources */ = {
			isa = PBXSourcesBuildPhase;
			buildActionMask = 2147483647;
			files = (
				FD6C78F71DE53E8D00563D28 /* ViewController.m in Sources */,
				FD6C78F41DE53E8D00563D28 /* AppDelegate.m in Sources */,
				FD6C78F11DE53E8D00563D28 /* main.m in Sources */,
			);
			runOnlyForDeploymentPostprocessing = 0;
		};
		FD6C79061DE53F2800563D28 /* Sources */ = {
			isa = PBXSourcesBuildPhase;
			buildActionMask = 2147483647;
			files = (
				FD6C79111DE53F2800563D28 /* MessagesViewController.m in Sources */,
				FDDA73BB1DE6CE3D00C989E8 /* MessageChildVC.m in Sources */,
			);
			runOnlyForDeploymentPostprocessing = 0;
		};
/* End PBXSourcesBuildPhase section */

/* Begin PBXTargetDependency section */
		FD6C79191DE53F2800563D28 /* PBXTargetDependency */ = {
			isa = PBXTargetDependency;
			target = FD6C79091DE53F2800563D28 /* MessageExtension */;
			targetProxy = FD6C79181DE53F2800563D28 /* PBXContainerItemProxy */;
		};
/* End PBXTargetDependency section */

/* Begin PBXVariantGroup section */
		FD6C78F81DE53E8D00563D28 /* Main.storyboard */ = {
			isa = PBXVariantGroup;
			children = (
				FD6C78F91DE53E8D00563D28 /* Base */,
			);
			name = Main.storyboard;
			sourceTree = "<group>";
		};
		FD6C78FD1DE53E8D00563D28 /* LaunchScreen.storyboard */ = {
			isa = PBXVariantGroup;
			children = (
				FD6C78FE1DE53E8D00563D28 /* Base */,
			);
			name = LaunchScreen.storyboard;
			sourceTree = "<group>";
		};
		FD6C79121DE53F2800563D28 /* MainInterface.storyboard */ = {
			isa = PBXVariantGroup;
			children = (
				FD6C79131DE53F2800563D28 /* Base */,
			);
			name = MainInterface.storyboard;
			sourceTree = "<group>";
		};
/* End PBXVariantGroup section */

/* Begin XCBuildConfiguration section */
		FD6C79011DE53E8D00563D28 /* Debug */ = {
			isa = XCBuildConfiguration;
			buildSettings = {
				ALWAYS_SEARCH_USER_PATHS = NO;
				CLANG_ANALYZER_NONNULL = YES;
				CLANG_CXX_LANGUAGE_STANDARD = "gnu++0x";
				CLANG_CXX_LIBRARY = "libc++";
				CLANG_ENABLE_MODULES = YES;
				CLANG_ENABLE_OBJC_ARC = YES;
				CLANG_WARN_BOOL_CONVERSION = YES;
				CLANG_WARN_CONSTANT_CONVERSION = YES;
				CLANG_WARN_DIRECT_OBJC_ISA_USAGE = YES_ERROR;
				CLANG_WARN_DOCUMENTATION_COMMENTS = YES;
				CLANG_WARN_EMPTY_BODY = YES;
				CLANG_WARN_ENUM_CONVERSION = YES;
				CLANG_WARN_INFINITE_RECURSION = YES;
				CLANG_WARN_INT_CONVERSION = YES;
				CLANG_WARN_OBJC_ROOT_CLASS = YES_ERROR;
				CLANG_WARN_SUSPICIOUS_MOVES = YES;
				CLANG_WARN_UNREACHABLE_CODE = YES;
				CLANG_WARN__DUPLICATE_METHOD_MATCH = YES;
				"CODE_SIGN_IDENTITY[sdk=iphoneos*]" = "iPhone Developer";
				COPY_PHASE_STRIP = NO;
				DEBUG_INFORMATION_FORMAT = dwarf;
				ENABLE_STRICT_OBJC_MSGSEND = YES;
				ENABLE_TESTABILITY = YES;
				GCC_C_LANGUAGE_STANDARD = gnu99;
				GCC_DYNAMIC_NO_PIC = NO;
				GCC_NO_COMMON_BLOCKS = YES;
				GCC_OPTIMIZATION_LEVEL = 0;
				GCC_PREPROCESSOR_DEFINITIONS = (
					"DEBUG=1",
					"$(inherited)",
				);
				GCC_WARN_64_TO_32_BIT_CONVERSION = YES;
				GCC_WARN_ABOUT_RETURN_TYPE = YES_ERROR;
				GCC_WARN_UNDECLARED_SELECTOR = YES;
				GCC_WARN_UNINITIALIZED_AUTOS = YES_AGGRESSIVE;
				GCC_WARN_UNUSED_FUNCTION = YES;
				GCC_WARN_UNUSED_VARIABLE = YES;
				IPHONEOS_DEPLOYMENT_TARGET = 10.0;
				MTL_ENABLE_DEBUG_INFO = YES;
				ONLY_ACTIVE_ARCH = YES;
				SDKROOT = iphoneos;
			};
			name = Debug;
		};
		FD6C79021DE53E8D00563D28 /* Release */ = {
			isa = XCBuildConfiguration;
			buildSettings = {
				ALWAYS_SEARCH_USER_PATHS = NO;
				CLANG_ANALYZER_NONNULL = YES;
				CLANG_CXX_LANGUAGE_STANDARD = "gnu++0x";
				CLANG_CXX_LIBRARY = "libc++";
				CLANG_ENABLE_MODULES = YES;
				CLANG_ENABLE_OBJC_ARC = YES;
				CLANG_WARN_BOOL_CONVERSION = YES;
				CLANG_WARN_CONSTANT_CONVERSION = YES;
				CLANG_WARN_DIRECT_OBJC_ISA_USAGE = YES_ERROR;
				CLANG_WARN_DOCUMENTATION_COMMENTS = YES;
				CLANG_WARN_EMPTY_BODY = YES;
				CLANG_WARN_ENUM_CONVERSION = YES;
				CLANG_WARN_INFINITE_RECURSION = YES;
				CLANG_WARN_INT_CONVERSION = YES;
				CLANG_WARN_OBJC_ROOT_CLASS = YES_ERROR;
				CLANG_WARN_SUSPICIOUS_MOVES = YES;
				CLANG_WARN_UNREACHABLE_CODE = YES;
				CLANG_WARN__DUPLICATE_METHOD_MATCH = YES;
				"CODE_SIGN_IDENTITY[sdk=iphoneos*]" = "iPhone Developer";
				COPY_PHASE_STRIP = NO;
				DEBUG_INFORMATION_FORMAT = "dwarf-with-dsym";
				ENABLE_NS_ASSERTIONS = NO;
				ENABLE_STRICT_OBJC_MSGSEND = YES;
				GCC_C_LANGUAGE_STANDARD = gnu99;
				GCC_NO_COMMON_BLOCKS = YES;
				GCC_WARN_64_TO_32_BIT_CONVERSION = YES;
				GCC_WARN_ABOUT_RETURN_TYPE = YES_ERROR;
				GCC_WARN_UNDECLARED_SELECTOR = YES;
				GCC_WARN_UNINITIALIZED_AUTOS = YES_AGGRESSIVE;
				GCC_WARN_UNUSED_FUNCTION = YES;
				GCC_WARN_UNUSED_VARIABLE = YES;
				IPHONEOS_DEPLOYMENT_TARGET = 10.0;
				MTL_ENABLE_DEBUG_INFO = NO;
				SDKROOT = iphoneos;
				VALIDATE_PRODUCT = YES;
			};
			name = Release;
		};
		FD6C79041DE53E8D00563D28 /* Debug */ = {
			isa = XCBuildConfiguration;
			buildSettings = {
				ASSETCATALOG_COMPILER_APPICON_NAME = AppIcon;
				DEVELOPMENT_TEAM = SX8PGCDPTD;
				INFOPLIST_FILE = HostIMessageExtensionApp/Info.plist;
				LD_RUNPATH_SEARCH_PATHS = "$(inherited) @executable_path/Frameworks";
				PRODUCT_BUNDLE_IDENTIFIER = com.wanglibank.HostIMessageExtensionApp;
				PRODUCT_NAME = "$(TARGET_NAME)";
			};
			name = Debug;
		};
		FD6C79051DE53E8D00563D28 /* Release */ = {
			isa = XCBuildConfiguration;
			buildSettings = {
				ASSETCATALOG_COMPILER_APPICON_NAME = AppIcon;
				DEVELOPMENT_TEAM = SX8PGCDPTD;
				INFOPLIST_FILE = HostIMessageExtensionApp/Info.plist;
				LD_RUNPATH_SEARCH_PATHS = "$(inherited) @executable_path/Frameworks";
				PRODUCT_BUNDLE_IDENTIFIER = com.wanglibank.HostIMessageExtensionApp;
				PRODUCT_NAME = "$(TARGET_NAME)";
			};
			name = Release;
		};
		FD6C791C1DE53F2800563D28 /* Debug */ = {
			isa = XCBuildConfiguration;
			buildSettings = {
				ASSETCATALOG_COMPILER_APPICON_NAME = "iMessage App Icon";
				DEVELOPMENT_TEAM = SX8PGCDPTD;
				INFOPLIST_FILE = MessageExtension/Info.plist;
				LD_RUNPATH_SEARCH_PATHS = "$(inherited) @executable_path/Frameworks @executable_path/../../Frameworks";
				PRODUCT_BUNDLE_IDENTIFIER = com.wanglibank.HostIMessageExtensionApp.MessageExtension;
				PRODUCT_NAME = "$(TARGET_NAME)";
				SKIP_INSTALL = YES;
			};
			name = Debug;
		};
		FD6C791D1DE53F2800563D28 /* Release */ = {
			isa = XCBuildConfiguration;
			buildSettings = {
				ASSETCATALOG_COMPILER_APPICON_NAME = "iMessage App Icon";
				DEVELOPMENT_TEAM = SX8PGCDPTD;
				INFOPLIST_FILE = MessageExtension/Info.plist;
				LD_RUNPATH_SEARCH_PATHS = "$(inherited) @executable_path/Frameworks @executable_path/../../Frameworks";
				PRODUCT_BUNDLE_IDENTIFIER = com.wanglibank.HostIMessageExtensionApp.MessageExtension;
				PRODUCT_NAME = "$(TARGET_NAME)";
				SKIP_INSTALL = YES;
			};
			name = Release;
		};
/* End XCBuildConfiguration section */

/* Begin XCConfigurationList section */
		FD6C78E71DE53E8D00563D28 /* Build configuration list for PBXProject "HostIMessageExtensionApp" */ = {
			isa = XCConfigurationList;
			buildConfigurations = (
				FD6C79011DE53E8D00563D28 /* Debug */,
				FD6C79021DE53E8D00563D28 /* Release */,
			);
			defaultConfigurationIsVisible = 0;
			defaultConfigurationName = Release;
		};
		FD6C79031DE53E8D00563D28 /* Build configuration list for PBXNativeTarget "HostIMessageExtensionApp" */ = {
			isa = XCConfigurationList;
			buildConfigurations = (
				FD6C79041DE53E8D00563D28 /* Debug */,
				FD6C79051DE53E8D00563D28 /* Release */,
			);
			defaultConfigurationIsVisible = 0;
			defaultConfigurationName = Release;
		};
		FD6C791B1DE53F2800563D28 /* Build configuration list for PBXNativeTarget "MessageExtension" */ = {
			isa = XCConfigurationList;
			buildConfigurations = (
				FD6C791C1DE53F2800563D28 /* Debug */,
				FD6C791D1DE53F2800563D28 /* Release */,
			);
			defaultConfigurationIsVisible = 0;
			defaultConfigurationName = Release;
		};
/* End XCConfigurationList section */
	};
	rootObject = FD6C78E41DE53E8D00563D28 /* Project object */;
}
